
Microsoft Visual Studio Solution File, Format Version 12.00
# Visual Studio 15
VisualStudioVersion = 15.0.27130.2010
MinimumVisualStudioVersion = 10.0.40219.1
Project("{9A19103F-16F7-4668-BE54-9A1E7A4F7556}") = "SearchEngine.Core", "Scrapper\SearchEngine.Core.csproj", "{C3753519-A0ED-4706-8707-C4319C116D8B}"
EndProject
Project("{9A19103F-16F7-4668-BE54-9A1E7A4F7556}") = "SearchEngine.Manager", "Scrapper.Hub\SearchEngine.Manager.csproj", "{56E374EC-5476-48E1-B1EE-95382B011F45}"
EndProject
Project("{9A19103F-16F7-4668-BE54-9A1E7A4F7556}") = "SearchEngine.Utils", "Scrapper.Utils\SearchEngine.Utils.csproj", "{1E0942A2-E18F-451E-97C7-B4D9226AD693}"
EndProject
Project("{FAE04EC0-301F-11D3-BF4B-00C04F79EFBC}") = "SearchEngine.Domain", "Scrapper.Domain\SearchEngine.Domain.csproj", "{96792E5A-221B-4DF8-80B0-ACE032C0B2B9}"
EndProject
Project("{FAE04EC0-301F-11D3-BF4B-00C04F79EFBC}") = "SearchEngine.DAL", "SearchEngine.DAL\SearchEngine.DAL.csproj", "{058BD5DA-26FE-4EC3-B7ED-7848E57A6323}"
EndProject
Global
	GlobalSection(SolutionConfigurationPlatforms) = preSolution
		Debug|Any CPU = Debug|Any CPU
		Release|Any CPU = Release|Any CPU
	EndGlobalSection
	GlobalSection(ProjectConfigurationPlatforms) = postSolution
		{C3753519-A0ED-4706-8707-C4319C116D8B}.Debug|Any CPU.ActiveCfg = Debug|Any CPU
		{C3753519-A0ED-4706-8707-C4319C116D8B}.Debug|Any CPU.Build.0 = Debug|Any CPU
		{C3753519-A0ED-4706-8707-C4319C116D8B}.Release|Any CPU.ActiveCfg = Release|Any CPU
		{C3753519-A0ED-4706-8707-C4319C116D8B}.Release|Any CPU.Build.0 = Release|Any CPU
		{56E374EC-5476-48E1-B1EE-95382B011F45}.Debug|Any CPU.ActiveCfg = Debug|Any CPU
		{56E374EC-5476-48E1-B1EE-95382B011F45}.Debug|Any CPU.Build.0 = Debug|Any CPU
		{56E374EC-5476-48E1-B1EE-95382B011F45}.Release|Any CPU.ActiveCfg = Release|Any CPU
		{56E374EC-5476-48E1-B1EE-95382B011F45}.Release|Any CPU.Build.0 = Release|Any CPU
		{1E0942A2-E18F-451E-97C7-B4D9226AD693}.Debug|Any CPU.ActiveCfg = Debug|Any CPU
		{1E0942A2-E18F-451E-97C7-B4D9226AD693}.Debug|Any CPU.Build.0 = Debug|Any CPU
		{1E0942A2-E18F-451E-97C7-B4D9226AD693}.Release|Any CPU.ActiveCfg = Release|Any CPU
		{1E0942A2-E18F-451E-97C7-B4D9226AD693}.Release|Any CPU.Build.0 = Release|Any CPU
		{96792E5A-221B-4DF8-80B0-ACE032C0B2B9}.Debug|Any CPU.ActiveCfg = Debug|Any CPU
		{96792E5A-221B-4DF8-80B0-ACE032C0B2B9}.Debug|Any CPU.Build.0 = Debug|Any CPU
		{96792E5A-221B-4DF8-80B0-ACE032C0B2B9}.Release|Any CPU.ActiveCfg = Release|Any CPU
		{96792E5A-221B-4DF8-80B0-ACE032C0B2B9}.Release|Any CPU.Build.0 = Release|Any CPU
		{058BD5DA-26FE-4EC3-B7ED-7848E57A6323}.Debug|Any CPU.ActiveCfg = Debug|Any CPU
		{058BD5DA-26FE-4EC3-B7ED-7848E57A6323}.Debug|Any CPU.Build.0 = Debug|Any CPU
		{058BD5DA-26FE-4EC3-B7ED-7848E57A6323}.Release|Any CPU.ActiveCfg = Release|Any CPU
		{058BD5DA-26FE-4EC3-B7ED-7848E57A6323}.Release|Any CPU.Build.0 = Release|Any CPU
	EndGlobalSection
	GlobalSection(SolutionProperties) = preSolution
		HideSolutionNode = FALSE
	EndGlobalSection
	GlobalSection(ExtensibilityGlobals) = postSolution
		SolutionGuid = {09D7B432-DEE7-4214-9477-34EE326FD8B5}
	EndGlobalSection
EndGlobal
